
Microsoft Visual Studio Solution File, Format Version 12.00
# Visual Studio Version 16
VisualStudioVersion = 16.0.31025.194
MinimumVisualStudioVersion = 10.0.40219.1
Project("{FAE04EC0-301F-11D3-BF4B-00C04F79EFBC}") = "Polindrom", "Polindrom.csproj", "{BDA37957-9C9C-42C2-B526-1B07D1776739}"
EndProject
Global
	GlobalSection(SolutionConfigurationPlatforms) = preSolution
		Debug|Any CPU = Debug|Any CPU
		Release|Any CPU = Release|Any CPU
	EndGlobalSection
	GlobalSection(ProjectConfigurationPlatforms) = postSolution
		{BDA37957-9C9C-42C2-B526-1B07D1776739}.Debug|Any CPU.ActiveCfg = Debug|Any CPU
		{BDA37957-9C9C-42C2-B526-1B07D1776739}.Debug|Any CPU.Build.0 = Debug|Any CPU
		{BDA37957-9C9C-42C2-B526-1B07D1776739}.Release|Any CPU.ActiveCfg = Release|Any CPU
		{BDA37957-9C9C-42C2-B526-1B07D1776739}.Release|Any CPU.Build.0 = Release|Any CPU
	EndGlobalSection
	GlobalSection(SolutionProperties) = preSolution
		HideSolutionNode = FALSE
	EndGlobalSection
	GlobalSection(ExtensibilityGlobals) = postSolution
		SolutionGuid = {463B3CF2-3240-4907-86BC-50342B24D840}
	EndGlobalSection
EndGlobal
